
Microsoft Visual Studio Solution File, Format Version 12.00
Project("{FAE04EC0-301F-11D3-BF4B-00C04F79EFBC}") = "Integrations.Diadoc.Service", "Integrations.Diadoc.Service\Integrations.Diadoc.Service.csproj", "{F3C0D567-281B-4AAD-94D6-B70F6B41BE8E}"
EndProject
Project("{FAE04EC0-301F-11D3-BF4B-00C04F79EFBC}") = "Integrations.Diadoc.Data", "Integrations.Diadoc.Data\Integrations.Diadoc.Data.csproj", "{8B5B3D97-4D35-4B33-BFD3-61DA74601CB7}"
EndProject
Project("{FAE04EC0-301F-11D3-BF4B-00C04F79EFBC}") = "Integrations.Diadoc.Domain", "Integrations.Diadoc.Domain\Integrations.Diadoc.Domain.csproj", "{67108DA3-63BD-4C2A-81D8-8ADD95317E6A}"
EndProject
Project("{FAE04EC0-301F-11D3-BF4B-00C04F79EFBC}") = "Integrations.Diadoc.Infrastructure", "Integrations.Diadoc.Infrastructure\Integrations.Diadoc.Infrastructure.csproj", "{2FD16649-E937-4C8B-A21F-269A5DA902D6}"
EndProject
Global
	GlobalSection(SolutionConfigurationPlatforms) = preSolution
		Debug|Any CPU = Debug|Any CPU
		Release|Any CPU = Release|Any CPU
	EndGlobalSection
	GlobalSection(ProjectConfigurationPlatforms) = postSolution
		{F3C0D567-281B-4AAD-94D6-B70F6B41BE8E}.Debug|Any CPU.ActiveCfg = Debug|Any CPU
		{F3C0D567-281B-4AAD-94D6-B70F6B41BE8E}.Debug|Any CPU.Build.0 = Debug|Any CPU
		{F3C0D567-281B-4AAD-94D6-B70F6B41BE8E}.Release|Any CPU.ActiveCfg = Release|Any CPU
		{F3C0D567-281B-4AAD-94D6-B70F6B41BE8E}.Release|Any CPU.Build.0 = Release|Any CPU
		{8B5B3D97-4D35-4B33-BFD3-61DA74601CB7}.Debug|Any CPU.ActiveCfg = Debug|Any CPU
		{8B5B3D97-4D35-4B33-BFD3-61DA74601CB7}.Debug|Any CPU.Build.0 = Debug|Any CPU
		{8B5B3D97-4D35-4B33-BFD3-61DA74601CB7}.Release|Any CPU.ActiveCfg = Release|Any CPU
		{8B5B3D97-4D35-4B33-BFD3-61DA74601CB7}.Release|Any CPU.Build.0 = Release|Any CPU
		{67108DA3-63BD-4C2A-81D8-8ADD95317E6A}.Debug|Any CPU.ActiveCfg = Debug|Any CPU
		{67108DA3-63BD-4C2A-81D8-8ADD95317E6A}.Debug|Any CPU.Build.0 = Debug|Any CPU
		{67108DA3-63BD-4C2A-81D8-8ADD95317E6A}.Release|Any CPU.ActiveCfg = Release|Any CPU
		{67108DA3-63BD-4C2A-81D8-8ADD95317E6A}.Release|Any CPU.Build.0 = Release|Any CPU
		{2FD16649-E937-4C8B-A21F-269A5DA902D6}.Debug|Any CPU.ActiveCfg = Debug|Any CPU
		{2FD16649-E937-4C8B-A21F-269A5DA902D6}.Debug|Any CPU.Build.0 = Debug|Any CPU
		{2FD16649-E937-4C8B-A21F-269A5DA902D6}.Release|Any CPU.ActiveCfg = Release|Any CPU
		{2FD16649-E937-4C8B-A21F-269A5DA902D6}.Release|Any CPU.Build.0 = Release|Any CPU
	EndGlobalSection
EndGlobal
